
Microsoft Visual Studio Solution File, Format Version 12.00
# Visual Studio 2012
Project("{FAE04EC0-301F-11D3-BF4B-00C04F79EFBC}") = "01.PrintRandomDivs", "01.PrintRandomDivs\01.PrintRandomDivs.csproj", "{87D4CF68-3FBA-4E19-98AF-B87446BD308D}"
EndProject
Project("{FAE04EC0-301F-11D3-BF4B-00C04F79EFBC}") = "02.MoveDivs", "..\02.MoveDivs\02.MoveDivs.csproj", "{762E0860-4EA0-45DD-A551-8ED1E83BF1D1}"
EndProject
Project("{FAE04EC0-301F-11D3-BF4B-00C04F79EFBC}") = "03.ChangeColor", "..\03.ChangeColor\03.ChangeColor.csproj", "{2F578D9D-391C-4216-BD73-3AB0263D9F1B}"
EndProject
Project("{FAE04EC0-301F-11D3-BF4B-00C04F79EFBC}") = "04.TagCloud", "..\04.TagCloud\04.TagCloud.csproj", "{84CCBA15-97CF-4544-9A89-4F311FA9496D}"
EndProject
Global
	GlobalSection(SolutionConfigurationPlatforms) = preSolution
		Debug|Any CPU = Debug|Any CPU
		Release|Any CPU = Release|Any CPU
	EndGlobalSection
	GlobalSection(ProjectConfigurationPlatforms) = postSolution
		{87D4CF68-3FBA-4E19-98AF-B87446BD308D}.Debug|Any CPU.ActiveCfg = Debug|Any CPU
		{87D4CF68-3FBA-4E19-98AF-B87446BD308D}.Debug|Any CPU.Build.0 = Debug|Any CPU
		{87D4CF68-3FBA-4E19-98AF-B87446BD308D}.Release|Any CPU.ActiveCfg = Release|Any CPU
		{87D4CF68-3FBA-4E19-98AF-B87446BD308D}.Release|Any CPU.Build.0 = Release|Any CPU
		{762E0860-4EA0-45DD-A551-8ED1E83BF1D1}.Debug|Any CPU.ActiveCfg = Debug|Any CPU
		{762E0860-4EA0-45DD-A551-8ED1E83BF1D1}.Debug|Any CPU.Build.0 = Debug|Any CPU
		{762E0860-4EA0-45DD-A551-8ED1E83BF1D1}.Release|Any CPU.ActiveCfg = Release|Any CPU
		{762E0860-4EA0-45DD-A551-8ED1E83BF1D1}.Release|Any CPU.Build.0 = Release|Any CPU
		{2F578D9D-391C-4216-BD73-3AB0263D9F1B}.Debug|Any CPU.ActiveCfg = Debug|Any CPU
		{2F578D9D-391C-4216-BD73-3AB0263D9F1B}.Debug|Any CPU.Build.0 = Debug|Any CPU
		{2F578D9D-391C-4216-BD73-3AB0263D9F1B}.Release|Any CPU.ActiveCfg = Release|Any CPU
		{2F578D9D-391C-4216-BD73-3AB0263D9F1B}.Release|Any CPU.Build.0 = Release|Any CPU
		{84CCBA15-97CF-4544-9A89-4F311FA9496D}.Debug|Any CPU.ActiveCfg = Debug|Any CPU
		{84CCBA15-97CF-4544-9A89-4F311FA9496D}.Debug|Any CPU.Build.0 = Debug|Any CPU
		{84CCBA15-97CF-4544-9A89-4F311FA9496D}.Release|Any CPU.ActiveCfg = Release|Any CPU
		{84CCBA15-97CF-4544-9A89-4F311FA9496D}.Release|Any CPU.Build.0 = Release|Any CPU
	EndGlobalSection
	GlobalSection(SolutionProperties) = preSolution
		HideSolutionNode = FALSE
	EndGlobalSection
EndGlobal
