
Microsoft Visual Studio Solution File, Format Version 12.00
# Visual Studio 2012
Project("{FAE04EC0-301F-11D3-BF4B-00C04F79EFBC}") = "Drawing", "Drawing\Drawing.csproj", "{579D2DC6-2D5D-4CE8-AFDE-8F1D88CD693D}"
EndProject
Project("{FAE04EC0-301F-11D3-BF4B-00C04F79EFBC}") = "BallBounce", "BallBounce\BallBounce.csproj", "{6D89F544-5E81-40FF-9A3B-8FB1B8711B9B}"
EndProject
Global
	GlobalSection(SolutionConfigurationPlatforms) = preSolution
		Debug|Any CPU = Debug|Any CPU
		Release|Any CPU = Release|Any CPU
	EndGlobalSection
	GlobalSection(ProjectConfigurationPlatforms) = postSolution
		{579D2DC6-2D5D-4CE8-AFDE-8F1D88CD693D}.Debug|Any CPU.ActiveCfg = Debug|Any CPU
		{579D2DC6-2D5D-4CE8-AFDE-8F1D88CD693D}.Debug|Any CPU.Build.0 = Debug|Any CPU
		{579D2DC6-2D5D-4CE8-AFDE-8F1D88CD693D}.Release|Any CPU.ActiveCfg = Release|Any CPU
		{579D2DC6-2D5D-4CE8-AFDE-8F1D88CD693D}.Release|Any CPU.Build.0 = Release|Any CPU
		{6D89F544-5E81-40FF-9A3B-8FB1B8711B9B}.Debug|Any CPU.ActiveCfg = Debug|Any CPU
		{6D89F544-5E81-40FF-9A3B-8FB1B8711B9B}.Debug|Any CPU.Build.0 = Debug|Any CPU
		{6D89F544-5E81-40FF-9A3B-8FB1B8711B9B}.Release|Any CPU.ActiveCfg = Release|Any CPU
		{6D89F544-5E81-40FF-9A3B-8FB1B8711B9B}.Release|Any CPU.Build.0 = Release|Any CPU
	EndGlobalSection
	GlobalSection(SolutionProperties) = preSolution
		HideSolutionNode = FALSE
	EndGlobalSection
EndGlobal
