
Microsoft Visual Studio Solution File, Format Version 12.00
# Visual Studio 2012
Project("{FAE04EC0-301F-11D3-BF4B-00C04F79EFBC}") = "02.AddMethods", "02.AddMethods\02.AddMethods.csproj", "{7F569E95-4ACA-4C3F-8F27-88EC1A1EC489}"
EndProject
Project("{FAE04EC0-301F-11D3-BF4B-00C04F79EFBC}") = "03.SqrtSinusLogComparison", "03.SqrtSinusLogComparison\03.SqrtSinusLogComparison.csproj", "{255ADDBB-9843-461E-B7C7-A412BD732700}"
EndProject
Global
	GlobalSection(SolutionConfigurationPlatforms) = preSolution
		Debug|Any CPU = Debug|Any CPU
		Release|Any CPU = Release|Any CPU
	EndGlobalSection
	GlobalSection(ProjectConfigurationPlatforms) = postSolution
		{7F569E95-4ACA-4C3F-8F27-88EC1A1EC489}.Debug|Any CPU.ActiveCfg = Debug|Any CPU
		{7F569E95-4ACA-4C3F-8F27-88EC1A1EC489}.Debug|Any CPU.Build.0 = Debug|Any CPU
		{7F569E95-4ACA-4C3F-8F27-88EC1A1EC489}.Release|Any CPU.ActiveCfg = Release|Any CPU
		{7F569E95-4ACA-4C3F-8F27-88EC1A1EC489}.Release|Any CPU.Build.0 = Release|Any CPU
		{255ADDBB-9843-461E-B7C7-A412BD732700}.Debug|Any CPU.ActiveCfg = Debug|Any CPU
		{255ADDBB-9843-461E-B7C7-A412BD732700}.Debug|Any CPU.Build.0 = Debug|Any CPU
		{255ADDBB-9843-461E-B7C7-A412BD732700}.Release|Any CPU.ActiveCfg = Release|Any CPU
		{255ADDBB-9843-461E-B7C7-A412BD732700}.Release|Any CPU.Build.0 = Release|Any CPU
	EndGlobalSection
	GlobalSection(SolutionProperties) = preSolution
		HideSolutionNode = FALSE
	EndGlobalSection
EndGlobal
