
Microsoft Visual Studio Solution File, Format Version 12.00
# Visual Studio 2012
Project("{FAE04EC0-301F-11D3-BF4B-00C04F79EFBC}") = "Point3D", "Point3D\Point3D.csproj", "{D907A862-6DE2-4ECF-8C04-3A79D6DC8C3E}"
EndProject
Project("{FAE04EC0-301F-11D3-BF4B-00C04F79EFBC}") = "GenericList", "GenericList\GenericList.csproj", "{647ADD38-750E-4EE2-A276-B70513746095}"
EndProject
Project("{FAE04EC0-301F-11D3-BF4B-00C04F79EFBC}") = "Matrix", "Matrix\Matrix.csproj", "{2FD8CFD2-80A5-419D-AA3B-DFF889576925}"
EndProject
Global
	GlobalSection(SolutionConfigurationPlatforms) = preSolution
		Debug|Any CPU = Debug|Any CPU
		Release|Any CPU = Release|Any CPU
	EndGlobalSection
	GlobalSection(ProjectConfigurationPlatforms) = postSolution
		{D907A862-6DE2-4ECF-8C04-3A79D6DC8C3E}.Debug|Any CPU.ActiveCfg = Debug|Any CPU
		{D907A862-6DE2-4ECF-8C04-3A79D6DC8C3E}.Debug|Any CPU.Build.0 = Debug|Any CPU
		{D907A862-6DE2-4ECF-8C04-3A79D6DC8C3E}.Release|Any CPU.ActiveCfg = Release|Any CPU
		{D907A862-6DE2-4ECF-8C04-3A79D6DC8C3E}.Release|Any CPU.Build.0 = Release|Any CPU
		{647ADD38-750E-4EE2-A276-B70513746095}.Debug|Any CPU.ActiveCfg = Debug|Any CPU
		{647ADD38-750E-4EE2-A276-B70513746095}.Debug|Any CPU.Build.0 = Debug|Any CPU
		{647ADD38-750E-4EE2-A276-B70513746095}.Release|Any CPU.ActiveCfg = Release|Any CPU
		{647ADD38-750E-4EE2-A276-B70513746095}.Release|Any CPU.Build.0 = Release|Any CPU
		{2FD8CFD2-80A5-419D-AA3B-DFF889576925}.Debug|Any CPU.ActiveCfg = Debug|Any CPU
		{2FD8CFD2-80A5-419D-AA3B-DFF889576925}.Debug|Any CPU.Build.0 = Debug|Any CPU
		{2FD8CFD2-80A5-419D-AA3B-DFF889576925}.Release|Any CPU.ActiveCfg = Release|Any CPU
		{2FD8CFD2-80A5-419D-AA3B-DFF889576925}.Release|Any CPU.Build.0 = Release|Any CPU
	EndGlobalSection
	GlobalSection(SolutionProperties) = preSolution
		HideSolutionNode = FALSE
	EndGlobalSection
EndGlobal
