
Microsoft Visual Studio Solution File, Format Version 12.00
# Visual Studio 2012
Project("{FAE04EC0-301F-11D3-BF4B-00C04F79EFBC}") = "02.Gallery", "02.Gallery\02.Gallery.csproj", "{77BC1E38-B915-41CF-BE18-6EBE6AF996BF}"
EndProject
Global
	GlobalSection(SolutionConfigurationPlatforms) = preSolution
		Debug|Any CPU = Debug|Any CPU
		Release|Any CPU = Release|Any CPU
	EndGlobalSection
	GlobalSection(ProjectConfigurationPlatforms) = postSolution
		{77BC1E38-B915-41CF-BE18-6EBE6AF996BF}.Debug|Any CPU.ActiveCfg = Debug|Any CPU
		{77BC1E38-B915-41CF-BE18-6EBE6AF996BF}.Debug|Any CPU.Build.0 = Debug|Any CPU
		{77BC1E38-B915-41CF-BE18-6EBE6AF996BF}.Release|Any CPU.ActiveCfg = Release|Any CPU
		{77BC1E38-B915-41CF-BE18-6EBE6AF996BF}.Release|Any CPU.Build.0 = Release|Any CPU
	EndGlobalSection
	GlobalSection(SolutionProperties) = preSolution
		HideSolutionNode = FALSE
	EndGlobalSection
EndGlobal
