
Microsoft Visual Studio Solution File, Format Version 12.00
# Visual Studio 2012
Project("{FAE04EC0-301F-11D3-BF4B-00C04F79EFBC}") = "firstTask", "firstTask\firstTask.csproj", "{E49DD647-0DF7-40AF-BD12-A36FC5CCA35D}"
EndProject
Project("{FAE04EC0-301F-11D3-BF4B-00C04F79EFBC}") = "Task 1", "Task 1\Task 1.csproj", "{8ED9CBDC-AF79-4944-A9F9-AB287748415B}"
EndProject
Project("{FAE04EC0-301F-11D3-BF4B-00C04F79EFBC}") = "nighrmare", "nighrmare\nighrmare.csproj", "{AB1B20CB-8BA3-40FD-82E2-E50B33DF8BEA}"
EndProject
Project("{FAE04EC0-301F-11D3-BF4B-00C04F79EFBC}") = "darkKnight", "darkKnight\darkKnight.csproj", "{FEDFA2D1-33E2-4590-B02F-A87E6EC4D758}"
EndProject
Project("{FAE04EC0-301F-11D3-BF4B-00C04F79EFBC}") = "game", "game\game.csproj", "{58E3194A-3743-486B-929F-A3509D8B03E3}"
EndProject
Project("{FAE04EC0-301F-11D3-BF4B-00C04F79EFBC}") = "bits", "bits\bits.csproj", "{1C077FA1-7D8B-49D5-8C92-E9D15C05567A}"
EndProject
Project("{FAE04EC0-301F-11D3-BF4B-00C04F79EFBC}") = "2-4-8", "2-4-8\2-4-8.csproj", "{AD6CC693-CDE4-488F-8F31-7F1874393F07}"
EndProject
Project("{FAE04EC0-301F-11D3-BF4B-00C04F79EFBC}") = "nightmare", "nightmare\nightmare.csproj", "{2A201E97-2442-459F-9438-EA1D5B267D88}"
EndProject
Project("{FAE04EC0-301F-11D3-BF4B-00C04F79EFBC}") = "kaspichan boat", "kaspichan boat\kaspichan boat.csproj", "{F9E942EA-4043-406B-9424-E47D40059A1B}"
EndProject
Project("{FAE04EC0-301F-11D3-BF4B-00C04F79EFBC}") = "Bat Goiko Tower", "Bat Goiko Tower\Bat Goiko Tower.csproj", "{DEC7545E-DA5C-4FD3-BF66-C3FB44EB0BD8}"
EndProject
Project("{FAE04EC0-301F-11D3-BF4B-00C04F79EFBC}") = "cards", "cards\cards.csproj", "{62EDF837-E0A3-46E8-8A87-B9B9E129D976}"
EndProject
Project("{FAE04EC0-301F-11D3-BF4B-00C04F79EFBC}") = "Uk-flag", "Uk-flag\Uk-flag.csproj", "{8B5E63A1-16F7-4D66-8A3F-F90F545BEE27}"
EndProject
Global
	GlobalSection(SolutionConfigurationPlatforms) = preSolution
		Debug|Any CPU = Debug|Any CPU
		Release|Any CPU = Release|Any CPU
	EndGlobalSection
	GlobalSection(ProjectConfigurationPlatforms) = postSolution
		{E49DD647-0DF7-40AF-BD12-A36FC5CCA35D}.Debug|Any CPU.ActiveCfg = Debug|Any CPU
		{E49DD647-0DF7-40AF-BD12-A36FC5CCA35D}.Debug|Any CPU.Build.0 = Debug|Any CPU
		{E49DD647-0DF7-40AF-BD12-A36FC5CCA35D}.Release|Any CPU.ActiveCfg = Release|Any CPU
		{E49DD647-0DF7-40AF-BD12-A36FC5CCA35D}.Release|Any CPU.Build.0 = Release|Any CPU
		{8ED9CBDC-AF79-4944-A9F9-AB287748415B}.Debug|Any CPU.ActiveCfg = Debug|Any CPU
		{8ED9CBDC-AF79-4944-A9F9-AB287748415B}.Debug|Any CPU.Build.0 = Debug|Any CPU
		{8ED9CBDC-AF79-4944-A9F9-AB287748415B}.Release|Any CPU.ActiveCfg = Release|Any CPU
		{8ED9CBDC-AF79-4944-A9F9-AB287748415B}.Release|Any CPU.Build.0 = Release|Any CPU
		{AB1B20CB-8BA3-40FD-82E2-E50B33DF8BEA}.Debug|Any CPU.ActiveCfg = Debug|Any CPU
		{AB1B20CB-8BA3-40FD-82E2-E50B33DF8BEA}.Debug|Any CPU.Build.0 = Debug|Any CPU
		{AB1B20CB-8BA3-40FD-82E2-E50B33DF8BEA}.Release|Any CPU.ActiveCfg = Release|Any CPU
		{AB1B20CB-8BA3-40FD-82E2-E50B33DF8BEA}.Release|Any CPU.Build.0 = Release|Any CPU
		{FEDFA2D1-33E2-4590-B02F-A87E6EC4D758}.Debug|Any CPU.ActiveCfg = Debug|Any CPU
		{FEDFA2D1-33E2-4590-B02F-A87E6EC4D758}.Debug|Any CPU.Build.0 = Debug|Any CPU
		{FEDFA2D1-33E2-4590-B02F-A87E6EC4D758}.Release|Any CPU.ActiveCfg = Release|Any CPU
		{FEDFA2D1-33E2-4590-B02F-A87E6EC4D758}.Release|Any CPU.Build.0 = Release|Any CPU
		{58E3194A-3743-486B-929F-A3509D8B03E3}.Debug|Any CPU.ActiveCfg = Debug|Any CPU
		{58E3194A-3743-486B-929F-A3509D8B03E3}.Debug|Any CPU.Build.0 = Debug|Any CPU
		{58E3194A-3743-486B-929F-A3509D8B03E3}.Release|Any CPU.ActiveCfg = Release|Any CPU
		{58E3194A-3743-486B-929F-A3509D8B03E3}.Release|Any CPU.Build.0 = Release|Any CPU
		{1C077FA1-7D8B-49D5-8C92-E9D15C05567A}.Debug|Any CPU.ActiveCfg = Debug|Any CPU
		{1C077FA1-7D8B-49D5-8C92-E9D15C05567A}.Debug|Any CPU.Build.0 = Debug|Any CPU
		{1C077FA1-7D8B-49D5-8C92-E9D15C05567A}.Release|Any CPU.ActiveCfg = Release|Any CPU
		{1C077FA1-7D8B-49D5-8C92-E9D15C05567A}.Release|Any CPU.Build.0 = Release|Any CPU
		{AD6CC693-CDE4-488F-8F31-7F1874393F07}.Debug|Any CPU.ActiveCfg = Debug|Any CPU
		{AD6CC693-CDE4-488F-8F31-7F1874393F07}.Debug|Any CPU.Build.0 = Debug|Any CPU
		{AD6CC693-CDE4-488F-8F31-7F1874393F07}.Release|Any CPU.ActiveCfg = Release|Any CPU
		{AD6CC693-CDE4-488F-8F31-7F1874393F07}.Release|Any CPU.Build.0 = Release|Any CPU
		{2A201E97-2442-459F-9438-EA1D5B267D88}.Debug|Any CPU.ActiveCfg = Debug|Any CPU
		{2A201E97-2442-459F-9438-EA1D5B267D88}.Debug|Any CPU.Build.0 = Debug|Any CPU
		{2A201E97-2442-459F-9438-EA1D5B267D88}.Release|Any CPU.ActiveCfg = Release|Any CPU
		{2A201E97-2442-459F-9438-EA1D5B267D88}.Release|Any CPU.Build.0 = Release|Any CPU
		{F9E942EA-4043-406B-9424-E47D40059A1B}.Debug|Any CPU.ActiveCfg = Debug|Any CPU
		{F9E942EA-4043-406B-9424-E47D40059A1B}.Debug|Any CPU.Build.0 = Debug|Any CPU
		{F9E942EA-4043-406B-9424-E47D40059A1B}.Release|Any CPU.ActiveCfg = Release|Any CPU
		{F9E942EA-4043-406B-9424-E47D40059A1B}.Release|Any CPU.Build.0 = Release|Any CPU
		{DEC7545E-DA5C-4FD3-BF66-C3FB44EB0BD8}.Debug|Any CPU.ActiveCfg = Debug|Any CPU
		{DEC7545E-DA5C-4FD3-BF66-C3FB44EB0BD8}.Debug|Any CPU.Build.0 = Debug|Any CPU
		{DEC7545E-DA5C-4FD3-BF66-C3FB44EB0BD8}.Release|Any CPU.ActiveCfg = Release|Any CPU
		{DEC7545E-DA5C-4FD3-BF66-C3FB44EB0BD8}.Release|Any CPU.Build.0 = Release|Any CPU
		{62EDF837-E0A3-46E8-8A87-B9B9E129D976}.Debug|Any CPU.ActiveCfg = Debug|Any CPU
		{62EDF837-E0A3-46E8-8A87-B9B9E129D976}.Debug|Any CPU.Build.0 = Debug|Any CPU
		{62EDF837-E0A3-46E8-8A87-B9B9E129D976}.Release|Any CPU.ActiveCfg = Release|Any CPU
		{62EDF837-E0A3-46E8-8A87-B9B9E129D976}.Release|Any CPU.Build.0 = Release|Any CPU
		{8B5E63A1-16F7-4D66-8A3F-F90F545BEE27}.Debug|Any CPU.ActiveCfg = Debug|Any CPU
		{8B5E63A1-16F7-4D66-8A3F-F90F545BEE27}.Debug|Any CPU.Build.0 = Debug|Any CPU
		{8B5E63A1-16F7-4D66-8A3F-F90F545BEE27}.Release|Any CPU.ActiveCfg = Release|Any CPU
		{8B5E63A1-16F7-4D66-8A3F-F90F545BEE27}.Release|Any CPU.Build.0 = Release|Any CPU
	EndGlobalSection
	GlobalSection(SolutionProperties) = preSolution
		HideSolutionNode = FALSE
	EndGlobalSection
EndGlobal
